
Microsoft Visual Studio Solution File, Format Version 12.00
# Visual Studio Version 17
VisualStudioVersion = 17.13.35931.197
MinimumVisualStudioVersion = 10.0.40219.1
Project("{FAE04EC0-301F-11D3-BF4B-00C04F79EFBC}") = "IssuesAPI", "ChaptersAPI\IssuesAPI.csproj", "{7C162EDD-6901-4842-9F8B-E8E47E5E64A0}"
EndProject
Project("{FAE04EC0-301F-11D3-BF4B-00C04F79EFBC}") = "UsersApi", "UsersApi\UsersApi.csproj", "{CBB604D5-19CF-419C-BEC4-83C5DB8883A4}"
EndProject
Project("{FAE04EC0-301F-11D3-BF4B-00C04F79EFBC}") = "ComicsAPI_V2", "EA\ComicsAPI_V2.csproj", "{7D2D43AA-B841-4214-9463-4405C717B8C1}"
EndProject
Global
	GlobalSection(SolutionConfigurationPlatforms) = preSolution
		Debug|Any CPU = Debug|Any CPU
		Release|Any CPU = Release|Any CPU
	EndGlobalSection
	GlobalSection(ProjectConfigurationPlatforms) = postSolution
		{7C162EDD-6901-4842-9F8B-E8E47E5E64A0}.Debug|Any CPU.ActiveCfg = Debug|Any CPU
		{7C162EDD-6901-4842-9F8B-E8E47E5E64A0}.Debug|Any CPU.Build.0 = Debug|Any CPU
		{7C162EDD-6901-4842-9F8B-E8E47E5E64A0}.Release|Any CPU.ActiveCfg = Release|Any CPU
		{7C162EDD-6901-4842-9F8B-E8E47E5E64A0}.Release|Any CPU.Build.0 = Release|Any CPU
		{CBB604D5-19CF-419C-BEC4-83C5DB8883A4}.Debug|Any CPU.ActiveCfg = Debug|Any CPU
		{CBB604D5-19CF-419C-BEC4-83C5DB8883A4}.Debug|Any CPU.Build.0 = Debug|Any CPU
		{CBB604D5-19CF-419C-BEC4-83C5DB8883A4}.Release|Any CPU.ActiveCfg = Release|Any CPU
		{CBB604D5-19CF-419C-BEC4-83C5DB8883A4}.Release|Any CPU.Build.0 = Release|Any CPU
		{7D2D43AA-B841-4214-9463-4405C717B8C1}.Debug|Any CPU.ActiveCfg = Debug|Any CPU
		{7D2D43AA-B841-4214-9463-4405C717B8C1}.Debug|Any CPU.Build.0 = Debug|Any CPU
		{7D2D43AA-B841-4214-9463-4405C717B8C1}.Release|Any CPU.ActiveCfg = Release|Any CPU
		{7D2D43AA-B841-4214-9463-4405C717B8C1}.Release|Any CPU.Build.0 = Release|Any CPU
	EndGlobalSection
	GlobalSection(SolutionProperties) = preSolution
		HideSolutionNode = FALSE
	EndGlobalSection
	GlobalSection(ExtensibilityGlobals) = postSolution
		SolutionGuid = {06806ABA-0231-4C68-8B89-6F16675C3092}
	EndGlobalSection
EndGlobal
